<?xml version="1.0" encoding="utf-8"?>
<Project ToolsVersion="4.0" xmlns="http://schemas.microsoft.com/developer/msbuild/2003">
  <ItemGroup>
    <Filter Include="Source Files">
      <UniqueIdentifier>{8efde18a-9cac-42b0-be9d-73275900d3f0}</UniqueIdentifier>
      <Extensions>cpp;c;cxx;def;odl;idl;hpj;bat;asm;cc</Extensions>
    </Filter>
    <Filter Include="Header Files">
      <UniqueIdentifier>{81c988d2-b044-41f8-9575-b2c85baa9d3d}</UniqueIdentifier>
      <Extensions>h;hpp;hxx;hm;inl;inc</Extensions>
    </Filter>
    <Filter Include="Resource Files">
      <UniqueIdentifier>{901500b4-1142-4ed4-acdd-e9c2a9215db7}</UniqueIdentifier>
      <Extensions>rc;ico;cur;bmp;dlg;rc2;rct;bin;rgs;gif;jpg;jpeg;jpe</Extensions>
    </Filter>
  </ItemGroup>
  <ItemGroup>
    <ClCompile Include="actions.cc">
      <Filter>Source Files</Filter>
    </ClCompile>
    <ClCompile Include="code.cc">
      <Filter>Source Files</Filter>
    </ClCompile>
    <ClCompile Include="dfa.cc">
      <Filter>Source Files</Filter>
    </ClCompile>
    <ClCompile Include="main.cc">
      <Filter>Source Files</Filter>
    </ClCompile>
    <ClCompile Include="mbo_getopt.cc">
      <Filter>Source Files</Filter>
    </ClCompile>
    <ClCompile Include="bootstrap\parser.cc">
      <Filter>Source Files</Filter>
    </ClCompile>
    <ClCompile Include="bootstrap\scanner.cc">
      <Filter>Source Files</Filter>
    </ClCompile>
    <ClCompile Include="substr.cc">
      <Filter>Source Files</Filter>
    </ClCompile>
    <ClCompile Include="translate.cc">
      <Filter>Source Files</Filter>
    </ClCompile>
  </ItemGroup>
  <ItemGroup>
    <ClInclude Include="basics.h">
      <Filter>Header Files</Filter>
    </ClInclude>
    <ClInclude Include="code.h">
      <Filter>Header Files</Filter>
    </ClInclude>
    <ClInclude Include="config_w32.h">
      <Filter>Header Files</Filter>
    </ClInclude>
    <ClInclude Include="dfa.h">
      <Filter>Header Files</Filter>
    </ClInclude>
    <ClInclude Include="globals.h">
      <Filter>Header Files</Filter>
    </ClInclude>
    <ClInclude Include="ins.h">
      <Filter>Header Files</Filter>
    </ClInclude>
    <ClInclude Include="mbo_getopt.h">
      <Filter>Header Files</Filter>
    </ClInclude>
    <ClInclude Include="parser.h">
      <Filter>Header Files</Filter>
    </ClInclude>
    <ClInclude Include="parser.tab.h">
      <Filter>Header Files</Filter>
    </ClInclude>
    <ClInclude Include="re.h">
      <Filter>Header Files</Filter>
    </ClInclude>
    <ClInclude Include="scanner.h">
      <Filter>Header Files</Filter>
    </ClInclude>
    <ClInclude Include="stream_lc.h">
      <Filter>Header Files</Filter>
    </ClInclude>
    <ClInclude Include="substr.h">
      <Filter>Header Files</Filter>
    </ClInclude>
    <ClInclude Include="token.h">
      <Filter>Header Files</Filter>
    </ClInclude>
    <ClInclude Include="bootstrap\y.tab.h">
      <Filter>Header Files</Filter>
    </ClInclude>
  </ItemGroup>
</Project>